// !$*UTF8*$!
{
	archiveVersion = 1;
	classes = {
	};
	objectVersion = 45;
	objects = {

/* Begin PBXBuildFile section */
		3F62DF6611DED7A4008EA78B /* ZMQContext.h in Headers */ = {isa = PBXBuildFile; fileRef = 3F62DF6411DED7A4008EA78B /* ZMQContext.h */; settings = {ATTRIBUTES = (Public, ); }; };
		3F62DF6711DED7A4008EA78B /* ZMQContext.m in Sources */ = {isa = PBXBuildFile; fileRef = 3F62DF6511DED7A4008EA78B /* ZMQContext.m */; };
		3F62DF6811DED7A4008EA78B /* ZMQContext.h in Headers */ = {isa = PBXBuildFile; fileRef = 3F62DF6411DED7A4008EA78B /* ZMQContext.h */; settings = {ATTRIBUTES = (Public, ); }; };
		3F62DF6911DED7A4008EA78B /* ZMQContext.m in Sources */ = {isa = PBXBuildFile; fileRef = 3F62DF6511DED7A4008EA78B /* ZMQContext.m */; };
		3F62DF7C11DEDAAA008EA78B /* ZMQSocket.h in Headers */ = {isa = PBXBuildFile; fileRef = 3F62DF7A11DEDAAA008EA78B /* ZMQSocket.h */; settings = {ATTRIBUTES = (Public, ); }; };
		3F62DF7D11DEDAAA008EA78B /* ZMQSocket.m in Sources */ = {isa = PBXBuildFile; fileRef = 3F62DF7B11DEDAAA008EA78B /* ZMQSocket.m */; };
		3F62DF7E11DEDAAA008EA78B /* ZMQSocket.h in Headers */ = {isa = PBXBuildFile; fileRef = 3F62DF7A11DEDAAA008EA78B /* ZMQSocket.h */; settings = {ATTRIBUTES = (Public, ); }; };
		3F62DF7F11DEDAAA008EA78B /* ZMQSocket.m in Sources */ = {isa = PBXBuildFile; fileRef = 3F62DF7B11DEDAAA008EA78B /* ZMQSocket.m */; };
		3F62E09E11DEFB28008EA78B /* Foundation.framework in Frameworks */ = {isa = PBXBuildFile; fileRef = 3F62E09D11DEFB28008EA78B /* Foundation.framework */; };
		3F62E0A211DEFB4B008EA78B /* libzmq.dylib in Frameworks */ = {isa = PBXBuildFile; fileRef = 3F62E0A111DEFB4B008EA78B /* libzmq.dylib */; };
		3FFFDB8012F121D200E2D54F /* ZMQObjC.h in Headers */ = {isa = PBXBuildFile; fileRef = 3FFFDB7F12F121D200E2D54F /* ZMQObjC.h */; };
		3FFFDB8112F121D200E2D54F /* ZMQObjC.h in Headers */ = {isa = PBXBuildFile; fileRef = 3FFFDB7F12F121D200E2D54F /* ZMQObjC.h */; };
		421511FB186E0DF100D5811A /* libzmq.3.dylib in Frameworks */ = {isa = PBXBuildFile; fileRef = 421511F6186E0DF100D5811A /* libzmq.3.dylib */; };
		421511FD186E0DF100D5811A /* libzmq.a in Frameworks */ = {isa = PBXBuildFile; fileRef = 421511F7186E0DF100D5811A /* libzmq.a */; };
		421511FF186E0DF100D5811A /* libzmq.dylib in Frameworks */ = {isa = PBXBuildFile; fileRef = 421511F8186E0DF100D5811A /* libzmq.dylib */; };
		42151211186E100F00D5811A /* Foundation.framework in Frameworks */ = {isa = PBXBuildFile; fileRef = 42151210186E100F00D5811A /* Foundation.framework */; };
		42151214186E100F00D5811A /* main.m in Sources */ = {isa = PBXBuildFile; fileRef = 42151213186E100F00D5811A /* main.m */; };
		4215121C186E107000D5811A /* libzmqobjc.a in Frameworks */ = {isa = PBXBuildFile; fileRef = 3F62DF4F11DED50C008EA78B /* libzmqobjc.a */; };
		42151220186E109700D5811A /* libstdc++.dylib in Frameworks */ = {isa = PBXBuildFile; fileRef = 4215121F186E109700D5811A /* libstdc++.dylib */; };
		42151226186E117E00D5811A /* Foundation.framework in Frameworks */ = {isa = PBXBuildFile; fileRef = 42151210186E100F00D5811A /* Foundation.framework */; };
		42151229186E117F00D5811A /* main.m in Sources */ = {isa = PBXBuildFile; fileRef = 42151228186E117F00D5811A /* main.m */; };
		42151233186E11C700D5811A /* libzmqobjc.a in Frameworks */ = {isa = PBXBuildFile; fileRef = 3F62DF4F11DED50C008EA78B /* libzmqobjc.a */; };
		42151234186E11CD00D5811A /* libstdc++.dylib in Frameworks */ = {isa = PBXBuildFile; fileRef = 4215121F186E109700D5811A /* libstdc++.dylib */; };
		4215123A186E11FC00D5811A /* Foundation.framework in Frameworks */ = {isa = PBXBuildFile; fileRef = 42151210186E100F00D5811A /* Foundation.framework */; };
		4215123D186E11FC00D5811A /* main.m in Sources */ = {isa = PBXBuildFile; fileRef = 4215123C186E11FC00D5811A /* main.m */; };
		42151247186E123500D5811A /* libzmqobjc.a in Frameworks */ = {isa = PBXBuildFile; fileRef = 3F62DF4F11DED50C008EA78B /* libzmqobjc.a */; };
		42151248186E123D00D5811A /* libstdc++.dylib in Frameworks */ = {isa = PBXBuildFile; fileRef = 4215121F186E109700D5811A /* libstdc++.dylib */; };
		4215124B186E1BA100D5811A /* ZMQException.h in Headers */ = {isa = PBXBuildFile; fileRef = 42151249186E1BA100D5811A /* ZMQException.h */; };
		4215124C186E1BA100D5811A /* ZMQException.h in Headers */ = {isa = PBXBuildFile; fileRef = 42151249186E1BA100D5811A /* ZMQException.h */; };
		4215124D186E1BA100D5811A /* ZMQException.m in Sources */ = {isa = PBXBuildFile; fileRef = 4215124A186E1BA100D5811A /* ZMQException.m */; };
		4215124E186E1BA100D5811A /* ZMQException.m in Sources */ = {isa = PBXBuildFile; fileRef = 4215124A186E1BA100D5811A /* ZMQException.m */; };
		4215124F186E1FED00D5811A /* libzmq.a in Frameworks */ = {isa = PBXBuildFile; fileRef = 421511F7186E0DF100D5811A /* libzmq.a */; };
/* End PBXBuildFile section */

/* Begin PBXContainerItemProxy section */
		4215121D186E107700D5811A /* PBXContainerItemProxy */ = {
			isa = PBXContainerItemProxy;
			containerPortal = 08FB7793FE84155DC02AAC07 /* Project object */;
			proxyType = 1;
			remoteGlobalIDString = 3F62DF4E11DED50C008EA78B;
			remoteInfo = "zmqobjc (static)";
		};
		42151231186E11BE00D5811A /* PBXContainerItemProxy */ = {
			isa = PBXContainerItemProxy;
			containerPortal = 08FB7793FE84155DC02AAC07 /* Project object */;
			proxyType = 1;
			remoteGlobalIDString = 3F62DF4E11DED50C008EA78B;
			remoteInfo = "zmqobjc (static)";
		};
		42151245186E122C00D5811A /* PBXContainerItemProxy */ = {
			isa = PBXContainerItemProxy;
			containerPortal = 08FB7793FE84155DC02AAC07 /* Project object */;
			proxyType = 1;
			remoteGlobalIDString = 3F62DF4E11DED50C008EA78B;
			remoteInfo = "zmqobjc (static)";
		};
/* End PBXContainerItemProxy section */

/* Begin PBXCopyFilesBuildPhase section */
		4215120C186E100F00D5811A /* CopyFiles */ = {
			isa = PBXCopyFilesBuildPhase;
			buildActionMask = 2147483647;
			dstPath = /usr/share/man/man1/;
			dstSubfolderSpec = 0;
			files = (
			);
			runOnlyForDeploymentPostprocessing = 1;
		};
		42151223186E117E00D5811A /* CopyFiles */ = {
			isa = PBXCopyFilesBuildPhase;
			buildActionMask = 2147483647;
			dstPath = /usr/share/man/man1/;
			dstSubfolderSpec = 0;
			files = (
			);
			runOnlyForDeploymentPostprocessing = 1;
		};
		42151237186E11FC00D5811A /* CopyFiles */ = {
			isa = PBXCopyFilesBuildPhase;
			buildActionMask = 2147483647;
			dstPath = /usr/share/man/man1/;
			dstSubfolderSpec = 0;
			files = (
			);
			runOnlyForDeploymentPostprocessing = 1;
		};
/* End PBXCopyFilesBuildPhase section */

/* Begin PBXFileReference section */
		3F62DEEC11DEC8CB008EA78B /* README.mkd */ = {isa = PBXFileReference; fileEncoding = 4; lastKnownFileType = text; path = README.mkd; sourceTree = "<group>"; };
		3F62DEED11DEC94A008EA78B /* project.xcconfig */ = {isa = PBXFileReference; fileEncoding = 4; lastKnownFileType = text.xcconfig; path = project.xcconfig; sourceTree = "<group>"; };
		3F62DF4F11DED50C008EA78B /* libzmqobjc.a */ = {isa = PBXFileReference; explicitFileType = archive.ar; includeInIndex = 0; path = libzmqobjc.a; sourceTree = BUILT_PRODUCTS_DIR; };
		3F62DF6411DED7A4008EA78B /* ZMQContext.h */ = {isa = PBXFileReference; fileEncoding = 4; lastKnownFileType = sourcecode.c.h; path = ZMQContext.h; sourceTree = "<group>"; };
		3F62DF6511DED7A4008EA78B /* ZMQContext.m */ = {isa = PBXFileReference; fileEncoding = 4; lastKnownFileType = sourcecode.c.objc; path = ZMQContext.m; sourceTree = "<group>"; };
		3F62DF7A11DEDAAA008EA78B /* ZMQSocket.h */ = {isa = PBXFileReference; fileEncoding = 4; lastKnownFileType = sourcecode.c.h; path = ZMQSocket.h; sourceTree = "<group>"; };
		3F62DF7B11DEDAAA008EA78B /* ZMQSocket.m */ = {isa = PBXFileReference; fileEncoding = 4; lastKnownFileType = sourcecode.c.objc; path = ZMQSocket.m; sourceTree = "<group>"; };
		3F62E09011DEF8AC008EA78B /* dylib.xcconfig */ = {isa = PBXFileReference; fileEncoding = 4; lastKnownFileType = text.xcconfig; path = dylib.xcconfig; sourceTree = "<group>"; };
		3F62E09D11DEFB28008EA78B /* Foundation.framework */ = {isa = PBXFileReference; lastKnownFileType = wrapper.framework; name = Foundation.framework; path = System/Library/Frameworks/Foundation.framework; sourceTree = SDKROOT; };
		3F62E0A111DEFB4B008EA78B /* libzmq.dylib */ = {isa = PBXFileReference; lastKnownFileType = "compiled.mach-o.dylib"; name = libzmq.dylib; path = /usr/local/lib/libzmq.dylib; sourceTree = "<absolute>"; };
		3FFFDB7F12F121D200E2D54F /* ZMQObjC.h */ = {isa = PBXFileReference; fileEncoding = 4; lastKnownFileType = sourcecode.c.h; path = ZMQObjC.h; sourceTree = "<group>"; };
		421511F6186E0DF100D5811A /* libzmq.3.dylib */ = {isa = PBXFileReference; lastKnownFileType = "compiled.mach-o.dylib"; path = libzmq.3.dylib; sourceTree = "<group>"; };
		421511F7186E0DF100D5811A /* libzmq.a */ = {isa = PBXFileReference; lastKnownFileType = archive.ar; path = libzmq.a; sourceTree = "<group>"; };
		421511F8186E0DF100D5811A /* libzmq.dylib */ = {isa = PBXFileReference; lastKnownFileType = "compiled.mach-o.dylib"; path = libzmq.dylib; sourceTree = "<group>"; };
		42151201186E0E4B00D5811A /* zmq.h */ = {isa = PBXFileReference; lastKnownFileType = sourcecode.c.h; path = zmq.h; sourceTree = "<group>"; };
		42151202186E0E4B00D5811A /* zmq_utils.h */ = {isa = PBXFileReference; lastKnownFileType = sourcecode.c.h; path = zmq_utils.h; sourceTree = "<group>"; };
		4215120E186E100F00D5811A /* HelloWorld */ = {isa = PBXFileReference; explicitFileType = "compiled.mach-o.executable"; includeInIndex = 0; path = HelloWorld; sourceTree = BUILT_PRODUCTS_DIR; };
		42151210186E100F00D5811A /* Foundation.framework */ = {isa = PBXFileReference; lastKnownFileType = wrapper.framework; name = Foundation.framework; path = System/Library/Frameworks/Foundation.framework; sourceTree = SDKROOT; };
		42151213186E100F00D5811A /* main.m */ = {isa = PBXFileReference; lastKnownFileType = sourcecode.c.objc; path = main.m; sourceTree = "<group>"; };
		4215121F186E109700D5811A /* libstdc++.dylib */ = {isa = PBXFileReference; lastKnownFileType = "compiled.mach-o.dylib"; name = "libstdc++.dylib"; path = "usr/lib/libstdc++.dylib"; sourceTree = SDKROOT; };
		42151225186E117E00D5811A /* SimpleServer */ = {isa = PBXFileReference; explicitFileType = "compiled.mach-o.executable"; includeInIndex = 0; path = SimpleServer; sourceTree = BUILT_PRODUCTS_DIR; };
		42151228186E117F00D5811A /* main.m */ = {isa = PBXFileReference; lastKnownFileType = sourcecode.c.objc; path = main.m; sourceTree = "<group>"; };
		42151239186E11FC00D5811A /* SimpleClient */ = {isa = PBXFileReference; explicitFileType = "compiled.mach-o.executable"; includeInIndex = 0; path = SimpleClient; sourceTree = BUILT_PRODUCTS_DIR; };
		4215123C186E11FC00D5811A /* main.m */ = {isa = PBXFileReference; lastKnownFileType = sourcecode.c.objc; path = main.m; sourceTree = "<group>"; };
		42151249186E1BA100D5811A /* ZMQException.h */ = {isa = PBXFileReference; fileEncoding = 4; lastKnownFileType = sourcecode.c.h; path = ZMQException.h; sourceTree = "<group>"; };
		4215124A186E1BA100D5811A /* ZMQException.m */ = {isa = PBXFileReference; fileEncoding = 4; lastKnownFileType = sourcecode.c.objc; path = ZMQException.m; sourceTree = "<group>"; };
		D2AAC0630554660B00DB518D /* libzmqobjc.dylib */ = {isa = PBXFileReference; explicitFileType = "compiled.mach-o.dylib"; includeInIndex = 0; path = libzmqobjc.dylib; sourceTree = BUILT_PRODUCTS_DIR; };
/* End PBXFileReference section */

/* Begin PBXFrameworksBuildPhase section */
		3F62DF4D11DED50C008EA78B /* Frameworks */ = {
			isa = PBXFrameworksBuildPhase;
			buildActionMask = 2147483647;
			files = (
				4215124F186E1FED00D5811A /* libzmq.a in Frameworks */,
			);
			runOnlyForDeploymentPostprocessing = 0;
		};
		4215120B186E100F00D5811A /* Frameworks */ = {
			isa = PBXFrameworksBuildPhase;
			buildActionMask = 2147483647;
			files = (
				42151220186E109700D5811A /* libstdc++.dylib in Frameworks */,
				4215121C186E107000D5811A /* libzmqobjc.a in Frameworks */,
				42151211186E100F00D5811A /* Foundation.framework in Frameworks */,
			);
			runOnlyForDeploymentPostprocessing = 0;
		};
		42151222186E117E00D5811A /* Frameworks */ = {
			isa = PBXFrameworksBuildPhase;
			buildActionMask = 2147483647;
			files = (
				42151234186E11CD00D5811A /* libstdc++.dylib in Frameworks */,
				42151233186E11C700D5811A /* libzmqobjc.a in Frameworks */,
				42151226186E117E00D5811A /* Foundation.framework in Frameworks */,
			);
			runOnlyForDeploymentPostprocessing = 0;
		};
		42151236186E11FC00D5811A /* Frameworks */ = {
			isa = PBXFrameworksBuildPhase;
			buildActionMask = 2147483647;
			files = (
				42151248186E123D00D5811A /* libstdc++.dylib in Frameworks */,
				42151247186E123500D5811A /* libzmqobjc.a in Frameworks */,
				4215123A186E11FC00D5811A /* Foundation.framework in Frameworks */,
			);
			runOnlyForDeploymentPostprocessing = 0;
		};
		D289988505E68E00004EDB86 /* Frameworks */ = {
			isa = PBXFrameworksBuildPhase;
			buildActionMask = 2147483647;
			files = (
				421511FB186E0DF100D5811A /* libzmq.3.dylib in Frameworks */,
				3F62E09E11DEFB28008EA78B /* Foundation.framework in Frameworks */,
				421511FD186E0DF100D5811A /* libzmq.a in Frameworks */,
				3F62E0A211DEFB4B008EA78B /* libzmq.dylib in Frameworks */,
				421511FF186E0DF100D5811A /* libzmq.dylib in Frameworks */,
			);
			runOnlyForDeploymentPostprocessing = 0;
		};
/* End PBXFrameworksBuildPhase section */

/* Begin PBXGroup section */
		08FB7794FE84155DC02AAC07 /* zmqobjc */ = {
			isa = PBXGroup;
			children = (
				3F62DEEC11DEC8CB008EA78B /* README.mkd */,
				3F62DEED11DEC94A008EA78B /* project.xcconfig */,
				3F62E09011DEF8AC008EA78B /* dylib.xcconfig */,
				42151203186E0FCC00D5811A /* samples */,
				421511F5186E0DF100D5811A /* zeromq-4.0.3 */,
				08FB7795FE84155DC02AAC07 /* Source */,
				4215120F186E100F00D5811A /* Frameworks */,
				1AB674ADFE9D54B511CA2CBB /* Products */,
				3F62E0A711DF04D5008EA78B /* Linked Libraries */,
			);
			name = zmqobjc;
			sourceTree = "<group>";
		};
		08FB7795FE84155DC02AAC07 /* Source */ = {
			isa = PBXGroup;
			children = (
				3FFFDB7F12F121D200E2D54F /* ZMQObjC.h */,
				3F62DF6411DED7A4008EA78B /* ZMQContext.h */,
				3F62DF6511DED7A4008EA78B /* ZMQContext.m */,
				42151249186E1BA100D5811A /* ZMQException.h */,
				4215124A186E1BA100D5811A /* ZMQException.m */,
				3F62DF7A11DEDAAA008EA78B /* ZMQSocket.h */,
				3F62DF7B11DEDAAA008EA78B /* ZMQSocket.m */,
			);
			name = Source;
			path = src;
			sourceTree = "<group>";
		};
		1AB674ADFE9D54B511CA2CBB /* Products */ = {
			isa = PBXGroup;
			children = (
				D2AAC0630554660B00DB518D /* libzmqobjc.dylib */,
				3F62DF4F11DED50C008EA78B /* libzmqobjc.a */,
				4215120E186E100F00D5811A /* HelloWorld */,
				42151225186E117E00D5811A /* SimpleServer */,
				42151239186E11FC00D5811A /* SimpleClient */,
			);
			name = Products;
			sourceTree = "<group>";
		};
		3F62E0A711DF04D5008EA78B /* Linked Libraries */ = {
			isa = PBXGroup;
			children = (
				3F62E0A111DEFB4B008EA78B /* libzmq.dylib */,
				3F62E09D11DEFB28008EA78B /* Foundation.framework */,
			);
			name = "Linked Libraries";
			sourceTree = "<group>";
		};
		421511F5186E0DF100D5811A /* zeromq-4.0.3 */ = {
			isa = PBXGroup;
			children = (
				42151200186E0E4B00D5811A /* include */,
				421511F6186E0DF100D5811A /* libzmq.3.dylib */,
				421511F7186E0DF100D5811A /* libzmq.a */,
				421511F8186E0DF100D5811A /* libzmq.dylib */,
			);
			path = "zeromq-4.0.3";
			sourceTree = "<group>";
		};
		42151200186E0E4B00D5811A /* include */ = {
			isa = PBXGroup;
			children = (
				42151201186E0E4B00D5811A /* zmq.h */,
				42151202186E0E4B00D5811A /* zmq_utils.h */,
			);
			path = include;
			sourceTree = "<group>";
		};
		42151203186E0FCC00D5811A /* samples */ = {
			isa = PBXGroup;
			children = (
				42151212186E100F00D5811A /* HelloWorld */,
				42151227186E117F00D5811A /* SimpleServer */,
				4215123B186E11FC00D5811A /* SimpleClient */,
			);
			path = samples;
			sourceTree = "<group>";
		};
		4215120F186E100F00D5811A /* Frameworks */ = {
			isa = PBXGroup;
			children = (
				4215121F186E109700D5811A /* libstdc++.dylib */,
				42151210186E100F00D5811A /* Foundation.framework */,
			);
			name = Frameworks;
			sourceTree = "<group>";
		};
		42151212186E100F00D5811A /* HelloWorld */ = {
			isa = PBXGroup;
			children = (
				42151213186E100F00D5811A /* main.m */,
			);
			path = HelloWorld;
			sourceTree = "<group>";
		};
		42151227186E117F00D5811A /* SimpleServer */ = {
			isa = PBXGroup;
			children = (
				42151228186E117F00D5811A /* main.m */,
			);
			path = SimpleServer;
			sourceTree = "<group>";
		};
		4215123B186E11FC00D5811A /* SimpleClient */ = {
			isa = PBXGroup;
			children = (
				4215123C186E11FC00D5811A /* main.m */,
			);
			path = SimpleClient;
			sourceTree = "<group>";
		};
/* End PBXGroup section */

/* Begin PBXHeadersBuildPhase section */
		3F62DF4B11DED50C008EA78B /* Headers */ = {
			isa = PBXHeadersBuildPhase;
			buildActionMask = 2147483647;
			files = (
				3F62DF6811DED7A4008EA78B /* ZMQContext.h in Headers */,
				3F62DF7E11DEDAAA008EA78B /* ZMQSocket.h in Headers */,
				3FFFDB8012F121D200E2D54F /* ZMQObjC.h in Headers */,
				4215124B186E1BA100D5811A /* ZMQException.h in Headers */,
			);
			runOnlyForDeploymentPostprocessing = 0;
		};
		D2AAC0600554660B00DB518D /* Headers */ = {
			isa = PBXHeadersBuildPhase;
			buildActionMask = 2147483647;
			files = (
				3F62DF6611DED7A4008EA78B /* ZMQContext.h in Headers */,
				3F62DF7C11DEDAAA008EA78B /* ZMQSocket.h in Headers */,
				3FFFDB8112F121D200E2D54F /* ZMQObjC.h in Headers */,
				4215124C186E1BA100D5811A /* ZMQException.h in Headers */,
			);
			runOnlyForDeploymentPostprocessing = 0;
		};
/* End PBXHeadersBuildPhase section */

/* Begin PBXNativeTarget section */
		3F62DF4E11DED50C008EA78B /* zmqobjc (static) */ = {
			isa = PBXNativeTarget;
			buildConfigurationList = 3F62DF5311DED56F008EA78B /* Build configuration list for PBXNativeTarget "zmqobjc (static)" */;
			buildPhases = (
				3F62DF4B11DED50C008EA78B /* Headers */,
				3F62DF4C11DED50C008EA78B /* Sources */,
				3F62DF4D11DED50C008EA78B /* Frameworks */,
			);
			buildRules = (
			);
			dependencies = (
			);
			name = "zmqobjc (static)";
			productName = "zmqobjc (static)";
			productReference = 3F62DF4F11DED50C008EA78B /* libzmqobjc.a */;
			productType = "com.apple.product-type.library.static";
		};
		4215120D186E100F00D5811A /* HelloWorld */ = {
			isa = PBXNativeTarget;
			buildConfigurationList = 42151219186E100F00D5811A /* Build configuration list for PBXNativeTarget "HelloWorld" */;
			buildPhases = (
				4215120A186E100F00D5811A /* Sources */,
				4215120B186E100F00D5811A /* Frameworks */,
				4215120C186E100F00D5811A /* CopyFiles */,
			);
			buildRules = (
			);
			dependencies = (
				4215121E186E107700D5811A /* PBXTargetDependency */,
			);
			name = HelloWorld;
			productName = HelloWorld;
			productReference = 4215120E186E100F00D5811A /* HelloWorld */;
			productType = "com.apple.product-type.tool";
		};
		42151224186E117E00D5811A /* SimpleServer */ = {
			isa = PBXNativeTarget;
			buildConfigurationList = 4215122E186E117F00D5811A /* Build configuration list for PBXNativeTarget "SimpleServer" */;
			buildPhases = (
				42151221186E117E00D5811A /* Sources */,
				42151222186E117E00D5811A /* Frameworks */,
				42151223186E117E00D5811A /* CopyFiles */,
			);
			buildRules = (
			);
			dependencies = (
				42151232186E11BE00D5811A /* PBXTargetDependency */,
			);
			name = SimpleServer;
			productName = SimpleServer;
			productReference = 42151225186E117E00D5811A /* SimpleServer */;
			productType = "com.apple.product-type.tool";
		};
		42151238186E11FC00D5811A /* SimpleClient */ = {
			isa = PBXNativeTarget;
			buildConfigurationList = 42151242186E11FC00D5811A /* Build configuration list for PBXNativeTarget "SimpleClient" */;
			buildPhases = (
				42151235186E11FC00D5811A /* Sources */,
				42151236186E11FC00D5811A /* Frameworks */,
				42151237186E11FC00D5811A /* CopyFiles */,
			);
			buildRules = (
			);
			dependencies = (
				42151246186E122C00D5811A /* PBXTargetDependency */,
			);
			name = SimpleClient;
			productName = SimpleClient;
			productReference = 42151239186E11FC00D5811A /* SimpleClient */;
			productType = "com.apple.product-type.tool";
		};
		D2AAC0620554660B00DB518D /* zmqobjc (dynamic) */ = {
			isa = PBXNativeTarget;
			buildConfigurationList = 1DEB914A08733D8E0010E9CD /* Build configuration list for PBXNativeTarget "zmqobjc (dynamic)" */;
			buildPhases = (
				D2AAC0600554660B00DB518D /* Headers */,
				D2AAC0610554660B00DB518D /* Sources */,
				D289988505E68E00004EDB86 /* Frameworks */,
			);
			buildRules = (
			);
			dependencies = (
			);
			name = "zmqobjc (dynamic)";
			productName = zmqobjc;
			productReference = D2AAC0630554660B00DB518D /* libzmqobjc.dylib */;
			productType = "com.apple.product-type.library.dynamic";
		};
/* End PBXNativeTarget section */

/* Begin PBXProject section */
		08FB7793FE84155DC02AAC07 /* Project object */ = {
			isa = PBXProject;
			attributes = {
			};
			buildConfigurationList = 1DEB914E08733D8E0010E9CD /* Build configuration list for PBXProject "zmqobjc" */;
			compatibilityVersion = "Xcode 3.1";
			developmentRegion = English;
			hasScannedForEncodings = 1;
			knownRegions = (
				English,
				Japanese,
				French,
				German,
			);
			mainGroup = 08FB7794FE84155DC02AAC07 /* zmqobjc */;
			projectDirPath = "";
			projectRoot = "";
			targets = (
				3F62DF4E11DED50C008EA78B /* zmqobjc (static) */,
				D2AAC0620554660B00DB518D /* zmqobjc (dynamic) */,
				4215120D186E100F00D5811A /* HelloWorld */,
				42151224186E117E00D5811A /* SimpleServer */,
				42151238186E11FC00D5811A /* SimpleClient */,
			);
		};
/* End PBXProject section */

/* Begin PBXSourcesBuildPhase section */
		3F62DF4C11DED50C008EA78B /* Sources */ = {
			isa = PBXSourcesBuildPhase;
			buildActionMask = 2147483647;
			files = (
				3F62DF6911DED7A4008EA78B /* ZMQContext.m in Sources */,
				3F62DF7F11DEDAAA008EA78B /* ZMQSocket.m in Sources */,
				4215124D186E1BA100D5811A /* ZMQException.m in Sources */,
			);
			runOnlyForDeploymentPostprocessing = 0;
		};
		4215120A186E100F00D5811A /* Sources */ = {
			isa = PBXSourcesBuildPhase;
			buildActionMask = 2147483647;
			files = (
				42151214186E100F00D5811A /* main.m in Sources */,
			);
			runOnlyForDeploymentPostprocessing = 0;
		};
		42151221186E117E00D5811A /* Sources */ = {
			isa = PBXSourcesBuildPhase;
			buildActionMask = 2147483647;
			files = (
				42151229186E117F00D5811A /* main.m in Sources */,
			);
			runOnlyForDeploymentPostprocessing = 0;
		};
		42151235186E11FC00D5811A /* Sources */ = {
			isa = PBXSourcesBuildPhase;
			buildActionMask = 2147483647;
			files = (
				4215123D186E11FC00D5811A /* main.m in Sources */,
			);
			runOnlyForDeploymentPostprocessing = 0;
		};
		D2AAC0610554660B00DB518D /* Sources */ = {
			isa = PBXSourcesBuildPhase;
			buildActionMask = 2147483647;
			files = (
				3F62DF6711DED7A4008EA78B /* ZMQContext.m in Sources */,
				3F62DF7D11DEDAAA008EA78B /* ZMQSocket.m in Sources */,
				4215124E186E1BA100D5811A /* ZMQException.m in Sources */,
			);
			runOnlyForDeploymentPostprocessing = 0;
		};
/* End PBXSourcesBuildPhase section */

/* Begin PBXTargetDependency section */
		4215121E186E107700D5811A /* PBXTargetDependency */ = {
			isa = PBXTargetDependency;
			target = 3F62DF4E11DED50C008EA78B /* zmqobjc (static) */;
			targetProxy = 4215121D186E107700D5811A /* PBXContainerItemProxy */;
		};
		42151232186E11BE00D5811A /* PBXTargetDependency */ = {
			isa = PBXTargetDependency;
			target = 3F62DF4E11DED50C008EA78B /* zmqobjc (static) */;
			targetProxy = 42151231186E11BE00D5811A /* PBXContainerItemProxy */;
		};
		42151246186E122C00D5811A /* PBXTargetDependency */ = {
			isa = PBXTargetDependency;
			target = 3F62DF4E11DED50C008EA78B /* zmqobjc (static) */;
			targetProxy = 42151245186E122C00D5811A /* PBXContainerItemProxy */;
		};
/* End PBXTargetDependency section */

/* Begin XCBuildConfiguration section */
		1DEB914B08733D8E0010E9CD /* Debug */ = {
			isa = XCBuildConfiguration;
			baseConfigurationReference = 3F62E09011DEF8AC008EA78B /* dylib.xcconfig */;
			buildSettings = {
				ALWAYS_SEARCH_USER_PATHS = NO;
				COPY_PHASE_STRIP = NO;
				EXECUTABLE_PREFIX = lib;
				GCC_DYNAMIC_NO_PIC = NO;
				GCC_ENABLE_FIX_AND_CONTINUE = YES;
				GCC_MODEL_TUNING = G5;
				GCC_OPTIMIZATION_LEVEL = 0;
				INSTALL_PATH = /usr/local/lib;
				PRODUCT_NAME = zmqobjc;
			};
			name = Debug;
		};
		1DEB914C08733D8E0010E9CD /* Release */ = {
			isa = XCBuildConfiguration;
			baseConfigurationReference = 3F62E09011DEF8AC008EA78B /* dylib.xcconfig */;
			buildSettings = {
				ALWAYS_SEARCH_USER_PATHS = NO;
				DEBUG_INFORMATION_FORMAT = "dwarf-with-dsym";
				EXECUTABLE_PREFIX = lib;
				GCC_MODEL_TUNING = G5;
				INSTALL_PATH = /usr/local/lib;
				PRODUCT_NAME = zmqobjc;
			};
			name = Release;
		};
		1DEB914F08733D8E0010E9CD /* Debug */ = {
			isa = XCBuildConfiguration;
			baseConfigurationReference = 3F62DEED11DEC94A008EA78B /* project.xcconfig */;
			buildSettings = {
				SDKROOT = macosx;
			};
			name = Debug;
		};
		1DEB915008733D8E0010E9CD /* Release */ = {
			isa = XCBuildConfiguration;
			baseConfigurationReference = 3F62DEED11DEC94A008EA78B /* project.xcconfig */;
			buildSettings = {
				SDKROOT = macosx;
			};
			name = Release;
		};
		3F62DF5011DED50D008EA78B /* Debug */ = {
			isa = XCBuildConfiguration;
			buildSettings = {
				COPY_PHASE_STRIP = NO;
				GCC_DYNAMIC_NO_PIC = NO;
				GCC_ENABLE_FIX_AND_CONTINUE = YES;
				GCC_MODEL_TUNING = G5;
				GCC_OPTIMIZATION_LEVEL = 0;
				GCC_PRECOMPILE_PREFIX_HEADER = YES;
				GCC_PREFIX_HEADER = "$(SYSTEM_LIBRARY_DIR)/Frameworks/Foundation.framework/Headers/Foundation.h";
				HEADER_SEARCH_PATHS = (
					"$(SRCROOT)",
					"~/include",
					/usr/local/include,
					/opt/local/include,
				);
				INSTALL_PATH = /usr/local/lib;
				LIBRARY_SEARCH_PATHS = (
					"$(inherited)",
					"/Users/neoneye/git/opcoders_objc-zmq/zeromq-4.0.3",
				);
				PRODUCT_NAME = zmqobjc;
			};
			name = Debug;
		};
		3F62DF5111DED50D008EA78B /* Release */ = {
			isa = XCBuildConfiguration;
			buildSettings = {
				COPY_PHASE_STRIP = YES;
				DEBUG_INFORMATION_FORMAT = "dwarf-with-dsym";
				GCC_ENABLE_FIX_AND_CONTINUE = NO;
				GCC_MODEL_TUNING = G5;
				GCC_PRECOMPILE_PREFIX_HEADER = YES;
				GCC_PREFIX_HEADER = "$(SYSTEM_LIBRARY_DIR)/Frameworks/Foundation.framework/Headers/Foundation.h";
				HEADER_SEARCH_PATHS = (
					"$(SRCROOT)",
					"~/include",
					/usr/local/include,
					/opt/local/include,
				);
				INSTALL_PATH = /usr/local/lib;
				LIBRARY_SEARCH_PATHS = (
					"$(inherited)",
					"/Users/neoneye/git/opcoders_objc-zmq/zeromq-4.0.3",
				);
				PRODUCT_NAME = zmqobjc;
				ZERO_LINK = NO;
			};
			name = Release;
		};
		4215121A186E100F00D5811A /* Debug */ = {
			isa = XCBuildConfiguration;
			buildSettings = {
				ALWAYS_SEARCH_USER_PATHS = NO;
				CLANG_CXX_LANGUAGE_STANDARD = "gnu++0x";
				CLANG_CXX_LIBRARY = "libc++";
				CLANG_ENABLE_OBJC_ARC = YES;
				CLANG_WARN_BOOL_CONVERSION = YES;
				CLANG_WARN_CONSTANT_CONVERSION = YES;
				CLANG_WARN_DIRECT_OBJC_ISA_USAGE = YES_ERROR;
				CLANG_WARN_EMPTY_BODY = YES;
				CLANG_WARN_ENUM_CONVERSION = YES;
				CLANG_WARN_INT_CONVERSION = YES;
				CLANG_WARN_OBJC_ROOT_CLASS = YES_ERROR;
				CLANG_WARN__DUPLICATE_METHOD_MATCH = YES;
				COPY_PHASE_STRIP = NO;
				GCC_C_LANGUAGE_STANDARD = gnu99;
				GCC_DYNAMIC_NO_PIC = NO;
				GCC_ENABLE_OBJC_EXCEPTIONS = YES;
				GCC_OPTIMIZATION_LEVEL = 0;
				GCC_PRECOMPILE_PREFIX_HEADER = YES;
				GCC_PREPROCESSOR_DEFINITIONS = (
					"DEBUG=1",
					"$(inherited)",
				);
				GCC_SYMBOLS_PRIVATE_EXTERN = NO;
				GCC_WARN_64_TO_32_BIT_CONVERSION = YES;
				GCC_WARN_ABOUT_RETURN_TYPE = YES_ERROR;
				GCC_WARN_UNDECLARED_SELECTOR = YES;
				GCC_WARN_UNINITIALIZED_AUTOS = YES;
				GCC_WARN_UNUSED_FUNCTION = YES;
				GCC_WARN_UNUSED_VARIABLE = YES;
				MACOSX_DEPLOYMENT_TARGET = 10.9;
				ONLY_ACTIVE_ARCH = YES;
				PRODUCT_NAME = "$(TARGET_NAME)";
			};
			name = Debug;
		};
		4215121B186E100F00D5811A /* Release */ = {
			isa = XCBuildConfiguration;
			buildSettings = {
				ALWAYS_SEARCH_USER_PATHS = NO;
				CLANG_CXX_LANGUAGE_STANDARD = "gnu++0x";
				CLANG_CXX_LIBRARY = "libc++";
				CLANG_ENABLE_OBJC_ARC = YES;
				CLANG_WARN_BOOL_CONVERSION = YES;
				CLANG_WARN_CONSTANT_CONVERSION = YES;
				CLANG_WARN_DIRECT_OBJC_ISA_USAGE = YES_ERROR;
				CLANG_WARN_EMPTY_BODY = YES;
				CLANG_WARN_ENUM_CONVERSION = YES;
				CLANG_WARN_INT_CONVERSION = YES;
				CLANG_WARN_OBJC_ROOT_CLASS = YES_ERROR;
				CLANG_WARN__DUPLICATE_METHOD_MATCH = YES;
				COPY_PHASE_STRIP = YES;
				DEBUG_INFORMATION_FORMAT = "dwarf-with-dsym";
				ENABLE_NS_ASSERTIONS = NO;
				GCC_C_LANGUAGE_STANDARD = gnu99;
				GCC_ENABLE_OBJC_EXCEPTIONS = YES;
				GCC_PRECOMPILE_PREFIX_HEADER = YES;
				GCC_WARN_64_TO_32_BIT_CONVERSION = YES;
				GCC_WARN_ABOUT_RETURN_TYPE = YES_ERROR;
				GCC_WARN_UNDECLARED_SELECTOR = YES;
				GCC_WARN_UNINITIALIZED_AUTOS = YES;
				GCC_WARN_UNUSED_FUNCTION = YES;
				GCC_WARN_UNUSED_VARIABLE = YES;
				MACOSX_DEPLOYMENT_TARGET = 10.9;
				PRODUCT_NAME = "$(TARGET_NAME)";
			};
			name = Release;
		};
		4215122F186E117F00D5811A /* Debug */ = {
			isa = XCBuildConfiguration;
			buildSettings = {
				ALWAYS_SEARCH_USER_PATHS = NO;
				CLANG_CXX_LANGUAGE_STANDARD = "gnu++0x";
				CLANG_CXX_LIBRARY = "libc++";
				CLANG_ENABLE_OBJC_ARC = YES;
				CLANG_WARN_BOOL_CONVERSION = YES;
				CLANG_WARN_CONSTANT_CONVERSION = YES;
				CLANG_WARN_DIRECT_OBJC_ISA_USAGE = YES_ERROR;
				CLANG_WARN_EMPTY_BODY = YES;
				CLANG_WARN_ENUM_CONVERSION = YES;
				CLANG_WARN_INT_CONVERSION = YES;
				CLANG_WARN_OBJC_ROOT_CLASS = YES_ERROR;
				CLANG_WARN__DUPLICATE_METHOD_MATCH = YES;
				COPY_PHASE_STRIP = NO;
				GCC_C_LANGUAGE_STANDARD = gnu99;
				GCC_DYNAMIC_NO_PIC = NO;
				GCC_ENABLE_OBJC_EXCEPTIONS = YES;
				GCC_OPTIMIZATION_LEVEL = 0;
				GCC_PRECOMPILE_PREFIX_HEADER = YES;
				GCC_PREPROCESSOR_DEFINITIONS = (
					"DEBUG=1",
					"$(inherited)",
				);
				GCC_SYMBOLS_PRIVATE_EXTERN = NO;
				GCC_WARN_64_TO_32_BIT_CONVERSION = YES;
				GCC_WARN_ABOUT_RETURN_TYPE = YES_ERROR;
				GCC_WARN_UNDECLARED_SELECTOR = YES;
				GCC_WARN_UNINITIALIZED_AUTOS = YES;
				GCC_WARN_UNUSED_FUNCTION = YES;
				GCC_WARN_UNUSED_VARIABLE = YES;
				MACOSX_DEPLOYMENT_TARGET = 10.9;
				ONLY_ACTIVE_ARCH = YES;
				PRODUCT_NAME = "$(TARGET_NAME)";
			};
			name = Debug;
		};
		42151230186E117F00D5811A /* Release */ = {
			isa = XCBuildConfiguration;
			buildSettings = {
				ALWAYS_SEARCH_USER_PATHS = NO;
				CLANG_CXX_LANGUAGE_STANDARD = "gnu++0x";
				CLANG_CXX_LIBRARY = "libc++";
				CLANG_ENABLE_OBJC_ARC = YES;
				CLANG_WARN_BOOL_CONVERSION = YES;
				CLANG_WARN_CONSTANT_CONVERSION = YES;
				CLANG_WARN_DIRECT_OBJC_ISA_USAGE = YES_ERROR;
				CLANG_WARN_EMPTY_BODY = YES;
				CLANG_WARN_ENUM_CONVERSION = YES;
				CLANG_WARN_INT_CONVERSION = YES;
				CLANG_WARN_OBJC_ROOT_CLASS = YES_ERROR;
				CLANG_WARN__DUPLICATE_METHOD_MATCH = YES;
				COPY_PHASE_STRIP = YES;
				DEBUG_INFORMATION_FORMAT = "dwarf-with-dsym";
				ENABLE_NS_ASSERTIONS = NO;
				GCC_C_LANGUAGE_STANDARD = gnu99;
				GCC_ENABLE_OBJC_EXCEPTIONS = YES;
				GCC_PRECOMPILE_PREFIX_HEADER = YES;
				GCC_WARN_64_TO_32_BIT_CONVERSION = YES;
				GCC_WARN_ABOUT_RETURN_TYPE = YES_ERROR;
				GCC_WARN_UNDECLARED_SELECTOR = YES;
				GCC_WARN_UNINITIALIZED_AUTOS = YES;
				GCC_WARN_UNUSED_FUNCTION = YES;
				GCC_WARN_UNUSED_VARIABLE = YES;
				MACOSX_DEPLOYMENT_TARGET = 10.9;
				PRODUCT_NAME = "$(TARGET_NAME)";
			};
			name = Release;
		};
		42151243186E11FC00D5811A /* Debug */ = {
			isa = XCBuildConfiguration;
			buildSettings = {
				ALWAYS_SEARCH_USER_PATHS = NO;
				CLANG_CXX_LANGUAGE_STANDARD = "gnu++0x";
				CLANG_CXX_LIBRARY = "libc++";
				CLANG_ENABLE_OBJC_ARC = YES;
				CLANG_WARN_BOOL_CONVERSION = YES;
				CLANG_WARN_CONSTANT_CONVERSION = YES;
				CLANG_WARN_DIRECT_OBJC_ISA_USAGE = YES_ERROR;
				CLANG_WARN_EMPTY_BODY = YES;
				CLANG_WARN_ENUM_CONVERSION = YES;
				CLANG_WARN_INT_CONVERSION = YES;
				CLANG_WARN_OBJC_ROOT_CLASS = YES_ERROR;
				CLANG_WARN__DUPLICATE_METHOD_MATCH = YES;
				COPY_PHASE_STRIP = NO;
				GCC_C_LANGUAGE_STANDARD = gnu99;
				GCC_DYNAMIC_NO_PIC = NO;
				GCC_ENABLE_OBJC_EXCEPTIONS = YES;
				GCC_OPTIMIZATION_LEVEL = 0;
				GCC_PRECOMPILE_PREFIX_HEADER = YES;
				GCC_PREPROCESSOR_DEFINITIONS = (
					"DEBUG=1",
					"$(inherited)",
				);
				GCC_SYMBOLS_PRIVATE_EXTERN = NO;
				GCC_WARN_64_TO_32_BIT_CONVERSION = YES;
				GCC_WARN_ABOUT_RETURN_TYPE = YES_ERROR;
				GCC_WARN_UNDECLARED_SELECTOR = YES;
				GCC_WARN_UNINITIALIZED_AUTOS = YES;
				GCC_WARN_UNUSED_FUNCTION = YES;
				GCC_WARN_UNUSED_VARIABLE = YES;
				MACOSX_DEPLOYMENT_TARGET = 10.9;
				ONLY_ACTIVE_ARCH = YES;
				PRODUCT_NAME = "$(TARGET_NAME)";
			};
			name = Debug;
		};
		42151244186E11FC00D5811A /* Release */ = {
			isa = XCBuildConfiguration;
			buildSettings = {
				ALWAYS_SEARCH_USER_PATHS = NO;
				CLANG_CXX_LANGUAGE_STANDARD = "gnu++0x";
				CLANG_CXX_LIBRARY = "libc++";
				CLANG_ENABLE_OBJC_ARC = YES;
				CLANG_WARN_BOOL_CONVERSION = YES;
				CLANG_WARN_CONSTANT_CONVERSION = YES;
				CLANG_WARN_DIRECT_OBJC_ISA_USAGE = YES_ERROR;
				CLANG_WARN_EMPTY_BODY = YES;
				CLANG_WARN_ENUM_CONVERSION = YES;
				CLANG_WARN_INT_CONVERSION = YES;
				CLANG_WARN_OBJC_ROOT_CLASS = YES_ERROR;
				CLANG_WARN__DUPLICATE_METHOD_MATCH = YES;
				COPY_PHASE_STRIP = YES;
				DEBUG_INFORMATION_FORMAT = "dwarf-with-dsym";
				ENABLE_NS_ASSERTIONS = NO;
				GCC_C_LANGUAGE_STANDARD = gnu99;
				GCC_ENABLE_OBJC_EXCEPTIONS = YES;
				GCC_PRECOMPILE_PREFIX_HEADER = YES;
				GCC_WARN_64_TO_32_BIT_CONVERSION = YES;
				GCC_WARN_ABOUT_RETURN_TYPE = YES_ERROR;
				GCC_WARN_UNDECLARED_SELECTOR = YES;
				GCC_WARN_UNINITIALIZED_AUTOS = YES;
				GCC_WARN_UNUSED_FUNCTION = YES;
				GCC_WARN_UNUSED_VARIABLE = YES;
				MACOSX_DEPLOYMENT_TARGET = 10.9;
				PRODUCT_NAME = "$(TARGET_NAME)";
			};
			name = Release;
		};
/* End XCBuildConfiguration section */

/* Begin XCConfigurationList section */
		1DEB914A08733D8E0010E9CD /* Build configuration list for PBXNativeTarget "zmqobjc (dynamic)" */ = {
			isa = XCConfigurationList;
			buildConfigurations = (
				1DEB914B08733D8E0010E9CD /* Debug */,
				1DEB914C08733D8E0010E9CD /* Release */,
			);
			defaultConfigurationIsVisible = 0;
			defaultConfigurationName = Release;
		};
		1DEB914E08733D8E0010E9CD /* Build configuration list for PBXProject "zmqobjc" */ = {
			isa = XCConfigurationList;
			buildConfigurations = (
				1DEB914F08733D8E0010E9CD /* Debug */,
				1DEB915008733D8E0010E9CD /* Release */,
			);
			defaultConfigurationIsVisible = 0;
			defaultConfigurationName = Release;
		};
		3F62DF5311DED56F008EA78B /* Build configuration list for PBXNativeTarget "zmqobjc (static)" */ = {
			isa = XCConfigurationList;
			buildConfigurations = (
				3F62DF5011DED50D008EA78B /* Debug */,
				3F62DF5111DED50D008EA78B /* Release */,
			);
			defaultConfigurationIsVisible = 0;
			defaultConfigurationName = Release;
		};
		42151219186E100F00D5811A /* Build configuration list for PBXNativeTarget "HelloWorld" */ = {
			isa = XCConfigurationList;
			buildConfigurations = (
				4215121A186E100F00D5811A /* Debug */,
				4215121B186E100F00D5811A /* Release */,
			);
			defaultConfigurationIsVisible = 0;
			defaultConfigurationName = Release;
		};
		4215122E186E117F00D5811A /* Build configuration list for PBXNativeTarget "SimpleServer" */ = {
			isa = XCConfigurationList;
			buildConfigurations = (
				4215122F186E117F00D5811A /* Debug */,
				42151230186E117F00D5811A /* Release */,
			);
			defaultConfigurationIsVisible = 0;
			defaultConfigurationName = Release;
		};
		42151242186E11FC00D5811A /* Build configuration list for PBXNativeTarget "SimpleClient" */ = {
			isa = XCConfigurationList;
			buildConfigurations = (
				42151243186E11FC00D5811A /* Debug */,
				42151244186E11FC00D5811A /* Release */,
			);
			defaultConfigurationIsVisible = 0;
			defaultConfigurationName = Release;
		};
/* End XCConfigurationList section */
	};
	rootObject = 08FB7793FE84155DC02AAC07 /* Project object */;
}
