// !$*UTF8*$!
{
	archiveVersion = 1;
	classes = {
	};
	objectVersion = 45;
	objects = {

/* Begin PBXBuildFile section */
		3F62DF6611DED7A4008EA78B /* ZMQContext.h in Headers */ = {isa = PBXBuildFile; fileRef = 3F62DF6411DED7A4008EA78B /* ZMQContext.h */; settings = {ATTRIBUTES = (Public, ); }; };
		3F62DF6711DED7A4008EA78B /* ZMQContext.m in Sources */ = {isa = PBXBuildFile; fileRef = 3F62DF6511DED7A4008EA78B /* ZMQContext.m */; };
		3F62DF6811DED7A4008EA78B /* ZMQContext.h in Headers */ = {isa = PBXBuildFile; fileRef = 3F62DF6411DED7A4008EA78B /* ZMQContext.h */; settings = {ATTRIBUTES = (Public, ); }; };
		3F62DF6911DED7A4008EA78B /* ZMQContext.m in Sources */ = {isa = PBXBuildFile; fileRef = 3F62DF6511DED7A4008EA78B /* ZMQContext.m */; };
		3F62DF7C11DEDAAA008EA78B /* ZMQSocket.h in Headers */ = {isa = PBXBuildFile; fileRef = 3F62DF7A11DEDAAA008EA78B /* ZMQSocket.h */; settings = {ATTRIBUTES = (Public, ); }; };
		3F62DF7D11DEDAAA008EA78B /* ZMQSocket.m in Sources */ = {isa = PBXBuildFile; fileRef = 3F62DF7B11DEDAAA008EA78B /* ZMQSocket.m */; };
		3F62DF7E11DEDAAA008EA78B /* ZMQSocket.h in Headers */ = {isa = PBXBuildFile; fileRef = 3F62DF7A11DEDAAA008EA78B /* ZMQSocket.h */; settings = {ATTRIBUTES = (Public, ); }; };
		3F62DF7F11DEDAAA008EA78B /* ZMQSocket.m in Sources */ = {isa = PBXBuildFile; fileRef = 3F62DF7B11DEDAAA008EA78B /* ZMQSocket.m */; };
		3F62E09E11DEFB28008EA78B /* Foundation.framework in Frameworks */ = {isa = PBXBuildFile; fileRef = 3F62E09D11DEFB28008EA78B /* Foundation.framework */; };
		3F62E0A211DEFB4B008EA78B /* libzmq.dylib in Frameworks */ = {isa = PBXBuildFile; fileRef = 3F62E0A111DEFB4B008EA78B /* libzmq.dylib */; };
		3FFFDB8012F121D200E2D54F /* ZMQObjC.h in Headers */ = {isa = PBXBuildFile; fileRef = 3FFFDB7F12F121D200E2D54F /* ZMQObjC.h */; };
		3FFFDB8112F121D200E2D54F /* ZMQObjC.h in Headers */ = {isa = PBXBuildFile; fileRef = 3FFFDB7F12F121D200E2D54F /* ZMQObjC.h */; };
		CD1E58A4149EC1690006E164 /* ZMQException.h in Headers */ = {isa = PBXBuildFile; fileRef = CD1E58A2149EC1690006E164 /* ZMQException.h */; };
		CD1E58A5149EC1690006E164 /* ZMQException.m in Sources */ = {isa = PBXBuildFile; fileRef = CD1E58A3149EC1690006E164 /* ZMQException.m */; };
		CD1E58A7149EC32D0006E164 /* ZMQException.m in Sources */ = {isa = PBXBuildFile; fileRef = CD1E58A3149EC1690006E164 /* ZMQException.m */; };
		CD1E58A8149EC3300006E164 /* ZMQException.h in Headers */ = {isa = PBXBuildFile; fileRef = CD1E58A2149EC1690006E164 /* ZMQException.h */; };
/* End PBXBuildFile section */

/* Begin PBXFileReference section */
		3F62DEEC11DEC8CB008EA78B /* README.mkd */ = {isa = PBXFileReference; fileEncoding = 4; lastKnownFileType = text; path = README.mkd; sourceTree = "<group>"; };
		3F62DEED11DEC94A008EA78B /* project.xcconfig */ = {isa = PBXFileReference; fileEncoding = 4; lastKnownFileType = text.xcconfig; path = project.xcconfig; sourceTree = "<group>"; };
		3F62DF4F11DED50C008EA78B /* libzmqobjc.a */ = {isa = PBXFileReference; explicitFileType = archive.ar; includeInIndex = 0; path = libzmqobjc.a; sourceTree = BUILT_PRODUCTS_DIR; };
		3F62DF6411DED7A4008EA78B /* ZMQContext.h */ = {isa = PBXFileReference; fileEncoding = 4; lastKnownFileType = sourcecode.c.h; path = ZMQContext.h; sourceTree = "<group>"; };
		3F62DF6511DED7A4008EA78B /* ZMQContext.m */ = {isa = PBXFileReference; fileEncoding = 4; lastKnownFileType = sourcecode.c.objc; path = ZMQContext.m; sourceTree = "<group>"; };
		3F62DF7A11DEDAAA008EA78B /* ZMQSocket.h */ = {isa = PBXFileReference; fileEncoding = 4; lastKnownFileType = sourcecode.c.h; path = ZMQSocket.h; sourceTree = "<group>"; };
		3F62DF7B11DEDAAA008EA78B /* ZMQSocket.m */ = {isa = PBXFileReference; fileEncoding = 4; lastKnownFileType = sourcecode.c.objc; path = ZMQSocket.m; sourceTree = "<group>"; };
		3F62E09011DEF8AC008EA78B /* dylib.xcconfig */ = {isa = PBXFileReference; fileEncoding = 4; lastKnownFileType = text.xcconfig; path = dylib.xcconfig; sourceTree = "<group>"; };
		3F62E09D11DEFB28008EA78B /* Foundation.framework */ = {isa = PBXFileReference; lastKnownFileType = wrapper.framework; name = Foundation.framework; path = System/Library/Frameworks/Foundation.framework; sourceTree = SDKROOT; };
		3F62E0A111DEFB4B008EA78B /* libzmq.dylib */ = {isa = PBXFileReference; lastKnownFileType = "compiled.mach-o.dylib"; name = libzmq.dylib; path = /usr/local/lib/libzmq.dylib; sourceTree = "<absolute>"; };
		3FFFDB7F12F121D200E2D54F /* ZMQObjC.h */ = {isa = PBXFileReference; fileEncoding = 4; lastKnownFileType = sourcecode.c.h; path = ZMQObjC.h; sourceTree = "<group>"; };
		CD1E58A2149EC1690006E164 /* ZMQException.h */ = {isa = PBXFileReference; fileEncoding = 4; lastKnownFileType = sourcecode.c.h; path = ZMQException.h; sourceTree = "<group>"; };
		CD1E58A3149EC1690006E164 /* ZMQException.m */ = {isa = PBXFileReference; fileEncoding = 4; lastKnownFileType = sourcecode.c.objc; path = ZMQException.m; sourceTree = "<group>"; };
		D2AAC0630554660B00DB518D /* libzmqobjc.dylib */ = {isa = PBXFileReference; explicitFileType = "compiled.mach-o.dylib"; includeInIndex = 0; path = libzmqobjc.dylib; sourceTree = BUILT_PRODUCTS_DIR; };
/* End PBXFileReference section */

/* Begin PBXFrameworksBuildPhase section */
		3F62DF4D11DED50C008EA78B /* Frameworks */ = {
			isa = PBXFrameworksBuildPhase;
			buildActionMask = 2147483647;
			files = (
			);
			runOnlyForDeploymentPostprocessing = 0;
		};
		D289988505E68E00004EDB86 /* Frameworks */ = {
			isa = PBXFrameworksBuildPhase;
			buildActionMask = 2147483647;
			files = (
				3F62E09E11DEFB28008EA78B /* Foundation.framework in Frameworks */,
				3F62E0A211DEFB4B008EA78B /* libzmq.dylib in Frameworks */,
			);
			runOnlyForDeploymentPostprocessing = 0;
		};
/* End PBXFrameworksBuildPhase section */

/* Begin PBXGroup section */
		08FB7794FE84155DC02AAC07 /* zmqobjc */ = {
			isa = PBXGroup;
			children = (
				3F62DEEC11DEC8CB008EA78B /* README.mkd */,
				3F62DEED11DEC94A008EA78B /* project.xcconfig */,
				3F62E09011DEF8AC008EA78B /* dylib.xcconfig */,
				08FB7795FE84155DC02AAC07 /* Source */,
				1AB674ADFE9D54B511CA2CBB /* Products */,
				3F62E0A711DF04D5008EA78B /* Linked Libraries */,
			);
			name = zmqobjc;
			sourceTree = "<group>";
		};
		08FB7795FE84155DC02AAC07 /* Source */ = {
			isa = PBXGroup;
			children = (
				3FFFDB7F12F121D200E2D54F /* ZMQObjC.h */,
				3F62DF6411DED7A4008EA78B /* ZMQContext.h */,
				3F62DF6511DED7A4008EA78B /* ZMQContext.m */,
				3F62DF7A11DEDAAA008EA78B /* ZMQSocket.h */,
				3F62DF7B11DEDAAA008EA78B /* ZMQSocket.m */,
				CD1E58A2149EC1690006E164 /* ZMQException.h */,
				CD1E58A3149EC1690006E164 /* ZMQException.m */,
			);
			name = Source;
			path = src;
			sourceTree = "<group>";
		};
		1AB674ADFE9D54B511CA2CBB /* Products */ = {
			isa = PBXGroup;
			children = (
				D2AAC0630554660B00DB518D /* libzmqobjc.dylib */,
				3F62DF4F11DED50C008EA78B /* libzmqobjc.a */,
			);
			name = Products;
			sourceTree = "<group>";
		};
		3F62E0A711DF04D5008EA78B /* Linked Libraries */ = {
			isa = PBXGroup;
			children = (
				3F62E0A111DEFB4B008EA78B /* libzmq.dylib */,
				3F62E09D11DEFB28008EA78B /* Foundation.framework */,
			);
			name = "Linked Libraries";
			sourceTree = "<group>";
		};
/* End PBXGroup section */

/* Begin PBXHeadersBuildPhase section */
		3F62DF4B11DED50C008EA78B /* Headers */ = {
			isa = PBXHeadersBuildPhase;
			buildActionMask = 2147483647;
			files = (
				3F62DF6811DED7A4008EA78B /* ZMQContext.h in Headers */,
				3F62DF7E11DEDAAA008EA78B /* ZMQSocket.h in Headers */,
				3FFFDB8012F121D200E2D54F /* ZMQObjC.h in Headers */,
				CD1E58A4149EC1690006E164 /* ZMQException.h in Headers */,
			);
			runOnlyForDeploymentPostprocessing = 0;
		};
		D2AAC0600554660B00DB518D /* Headers */ = {
			isa = PBXHeadersBuildPhase;
			buildActionMask = 2147483647;
			files = (
				3F62DF6611DED7A4008EA78B /* ZMQContext.h in Headers */,
				3F62DF7C11DEDAAA008EA78B /* ZMQSocket.h in Headers */,
				3FFFDB8112F121D200E2D54F /* ZMQObjC.h in Headers */,
				CD1E58A8149EC3300006E164 /* ZMQException.h in Headers */,
			);
			runOnlyForDeploymentPostprocessing = 0;
		};
/* End PBXHeadersBuildPhase section */

/* Begin PBXNativeTarget section */
		3F62DF4E11DED50C008EA78B /* zmqobjc (static) */ = {
			isa = PBXNativeTarget;
			buildConfigurationList = 3F62DF5311DED56F008EA78B /* Build configuration list for PBXNativeTarget "zmqobjc (static)" */;
			buildPhases = (
				3F62DF4B11DED50C008EA78B /* Headers */,
				3F62DF4C11DED50C008EA78B /* Sources */,
				3F62DF4D11DED50C008EA78B /* Frameworks */,
			);
			buildRules = (
			);
			dependencies = (
			);
			name = "zmqobjc (static)";
			productName = "zmqobjc (static)";
			productReference = 3F62DF4F11DED50C008EA78B /* libzmqobjc.a */;
			productType = "com.apple.product-type.library.static";
		};
		D2AAC0620554660B00DB518D /* zmqobjc (dynamic) */ = {
			isa = PBXNativeTarget;
			buildConfigurationList = 1DEB914A08733D8E0010E9CD /* Build configuration list for PBXNativeTarget "zmqobjc (dynamic)" */;
			buildPhases = (
				D2AAC0600554660B00DB518D /* Headers */,
				D2AAC0610554660B00DB518D /* Sources */,
				D289988505E68E00004EDB86 /* Frameworks */,
			);
			buildRules = (
			);
			dependencies = (
			);
			name = "zmqobjc (dynamic)";
			productName = zmqobjc;
			productReference = D2AAC0630554660B00DB518D /* libzmqobjc.dylib */;
			productType = "com.apple.product-type.library.dynamic";
		};
/* End PBXNativeTarget section */

/* Begin PBXProject section */
		08FB7793FE84155DC02AAC07 /* Project object */ = {
			isa = PBXProject;
			buildConfigurationList = 1DEB914E08733D8E0010E9CD /* Build configuration list for PBXProject "zmqobjc" */;
			compatibilityVersion = "Xcode 3.1";
			developmentRegion = English;
			hasScannedForEncodings = 1;
			knownRegions = (
				English,
				Japanese,
				French,
				German,
			);
			mainGroup = 08FB7794FE84155DC02AAC07 /* zmqobjc */;
			projectDirPath = "";
			projectRoot = "";
			targets = (
				3F62DF4E11DED50C008EA78B /* zmqobjc (static) */,
				D2AAC0620554660B00DB518D /* zmqobjc (dynamic) */,
			);
		};
/* End PBXProject section */

/* Begin PBXSourcesBuildPhase section */
		3F62DF4C11DED50C008EA78B /* Sources */ = {
			isa = PBXSourcesBuildPhase;
			buildActionMask = 2147483647;
			files = (
				3F62DF6911DED7A4008EA78B /* ZMQContext.m in Sources */,
				3F62DF7F11DEDAAA008EA78B /* ZMQSocket.m in Sources */,
				CD1E58A5149EC1690006E164 /* ZMQException.m in Sources */,
			);
			runOnlyForDeploymentPostprocessing = 0;
		};
		D2AAC0610554660B00DB518D /* Sources */ = {
			isa = PBXSourcesBuildPhase;
			buildActionMask = 2147483647;
			files = (
				3F62DF6711DED7A4008EA78B /* ZMQContext.m in Sources */,
				3F62DF7D11DEDAAA008EA78B /* ZMQSocket.m in Sources */,
				CD1E58A7149EC32D0006E164 /* ZMQException.m in Sources */,
			);
			runOnlyForDeploymentPostprocessing = 0;
		};
/* End PBXSourcesBuildPhase section */

/* Begin XCBuildConfiguration section */
		1DEB914B08733D8E0010E9CD /* Debug */ = {
			isa = XCBuildConfiguration;
			baseConfigurationReference = 3F62E09011DEF8AC008EA78B /* dylib.xcconfig */;
			buildSettings = {
				ALWAYS_SEARCH_USER_PATHS = NO;
				COPY_PHASE_STRIP = NO;
				EXECUTABLE_PREFIX = lib;
				GCC_DYNAMIC_NO_PIC = NO;
				GCC_ENABLE_FIX_AND_CONTINUE = YES;
				GCC_MODEL_TUNING = G5;
				GCC_OPTIMIZATION_LEVEL = 0;
				INSTALL_PATH = /usr/local/lib;
				PRODUCT_NAME = zmqobjc;
			};
			name = Debug;
		};
		1DEB914C08733D8E0010E9CD /* Release */ = {
			isa = XCBuildConfiguration;
			baseConfigurationReference = 3F62E09011DEF8AC008EA78B /* dylib.xcconfig */;
			buildSettings = {
				ALWAYS_SEARCH_USER_PATHS = NO;
				DEBUG_INFORMATION_FORMAT = "dwarf-with-dsym";
				EXECUTABLE_PREFIX = lib;
				GCC_MODEL_TUNING = G5;
				INSTALL_PATH = /usr/local/lib;
				PRODUCT_NAME = zmqobjc;
			};
			name = Release;
		};
		1DEB914F08733D8E0010E9CD /* Debug */ = {
			isa = XCBuildConfiguration;
			baseConfigurationReference = 3F62DEED11DEC94A008EA78B /* project.xcconfig */;
			buildSettings = {
			};
			name = Debug;
		};
		1DEB915008733D8E0010E9CD /* Release */ = {
			isa = XCBuildConfiguration;
			baseConfigurationReference = 3F62DEED11DEC94A008EA78B /* project.xcconfig */;
			buildSettings = {
			};
			name = Release;
		};
		3F62DF5011DED50D008EA78B /* Debug */ = {
			isa = XCBuildConfiguration;
			buildSettings = {
				COPY_PHASE_STRIP = NO;
				GCC_DYNAMIC_NO_PIC = NO;
				GCC_ENABLE_FIX_AND_CONTINUE = YES;
				GCC_MODEL_TUNING = G5;
				GCC_OPTIMIZATION_LEVEL = 0;
				GCC_PRECOMPILE_PREFIX_HEADER = YES;
				GCC_PREFIX_HEADER = "$(SYSTEM_LIBRARY_DIR)/Frameworks/Foundation.framework/Headers/Foundation.h";
				INSTALL_PATH = /usr/local/lib;
				PRODUCT_NAME = zmqobjc;
			};
			name = Debug;
		};
		3F62DF5111DED50D008EA78B /* Release */ = {
			isa = XCBuildConfiguration;
			buildSettings = {
				COPY_PHASE_STRIP = YES;
				DEBUG_INFORMATION_FORMAT = "dwarf-with-dsym";
				GCC_ENABLE_FIX_AND_CONTINUE = NO;
				GCC_MODEL_TUNING = G5;
				GCC_PRECOMPILE_PREFIX_HEADER = YES;
				GCC_PREFIX_HEADER = "$(SYSTEM_LIBRARY_DIR)/Frameworks/Foundation.framework/Headers/Foundation.h";
				INSTALL_PATH = /usr/local/lib;
				PRODUCT_NAME = zmqobjc;
				ZERO_LINK = NO;
			};
			name = Release;
		};
/* End XCBuildConfiguration section */

/* Begin XCConfigurationList section */
		1DEB914A08733D8E0010E9CD /* Build configuration list for PBXNativeTarget "zmqobjc (dynamic)" */ = {
			isa = XCConfigurationList;
			buildConfigurations = (
				1DEB914B08733D8E0010E9CD /* Debug */,
				1DEB914C08733D8E0010E9CD /* Release */,
			);
			defaultConfigurationIsVisible = 0;
			defaultConfigurationName = Release;
		};
		1DEB914E08733D8E0010E9CD /* Build configuration list for PBXProject "zmqobjc" */ = {
			isa = XCConfigurationList;
			buildConfigurations = (
				1DEB914F08733D8E0010E9CD /* Debug */,
				1DEB915008733D8E0010E9CD /* Release */,
			);
			defaultConfigurationIsVisible = 0;
			defaultConfigurationName = Release;
		};
		3F62DF5311DED56F008EA78B /* Build configuration list for PBXNativeTarget "zmqobjc (static)" */ = {
			isa = XCConfigurationList;
			buildConfigurations = (
				3F62DF5011DED50D008EA78B /* Debug */,
				3F62DF5111DED50D008EA78B /* Release */,
			);
			defaultConfigurationIsVisible = 0;
			defaultConfigurationName = Release;
		};
/* End XCConfigurationList section */
	};
	rootObject = 08FB7793FE84155DC02AAC07 /* Project object */;
}
